
Microsoft Visual Studio Solution File, Format Version 12.00
# Visual Studio Version 17
VisualStudioVersion = 17.0.31903.59
MinimumVisualStudioVersion = 10.0.40219.1
Project("{FAE04EC0-301F-11D3-BF4B-00C04F79EFBC}") = "Quizzical.Cli", "Quizzical\Quizzical.Cli.csproj", "{7B25F5AD-E236-4C38-B7A0-130648D9C14F}"
EndProject
Project("{FAE04EC0-301F-11D3-BF4B-00C04F79EFBC}") = "Quizzical.Web", "Quizzical.Web\Quizzical.Web.csproj", "{9B7D70CD-34D4-4BD4-9201-4A081E4A0344}"
EndProject
Project("{FAE04EC0-301F-11D3-BF4B-00C04F79EFBC}") = "Quizzical.Core", "Quizzical.Core\Quizzical.Core.csproj", "{1F45A73D-0FFF-402F-AD77-C1B5005C38CF}"
EndProject
Global
	GlobalSection(SolutionConfigurationPlatforms) = preSolution
		Debug|Any CPU = Debug|Any CPU
		Release|Any CPU = Release|Any CPU
	EndGlobalSection
	GlobalSection(ProjectConfigurationPlatforms) = postSolution
		{7B25F5AD-E236-4C38-B7A0-130648D9C14F}.Debug|Any CPU.ActiveCfg = Debug|Any CPU
		{7B25F5AD-E236-4C38-B7A0-130648D9C14F}.Debug|Any CPU.Build.0 = Debug|Any CPU
		{7B25F5AD-E236-4C38-B7A0-130648D9C14F}.Release|Any CPU.ActiveCfg = Release|Any CPU
		{7B25F5AD-E236-4C38-B7A0-130648D9C14F}.Release|Any CPU.Build.0 = Release|Any CPU
		{9B7D70CD-34D4-4BD4-9201-4A081E4A0344}.Debug|Any CPU.ActiveCfg = Debug|Any CPU
		{9B7D70CD-34D4-4BD4-9201-4A081E4A0344}.Debug|Any CPU.Build.0 = Debug|Any CPU
		{9B7D70CD-34D4-4BD4-9201-4A081E4A0344}.Release|Any CPU.ActiveCfg = Release|Any CPU
		{9B7D70CD-34D4-4BD4-9201-4A081E4A0344}.Release|Any CPU.Build.0 = Release|Any CPU
		{1F45A73D-0FFF-402F-AD77-C1B5005C38CF}.Debug|Any CPU.ActiveCfg = Debug|Any CPU
		{1F45A73D-0FFF-402F-AD77-C1B5005C38CF}.Debug|Any CPU.Build.0 = Debug|Any CPU
		{1F45A73D-0FFF-402F-AD77-C1B5005C38CF}.Release|Any CPU.ActiveCfg = Release|Any CPU
		{1F45A73D-0FFF-402F-AD77-C1B5005C38CF}.Release|Any CPU.Build.0 = Release|Any CPU
	EndGlobalSection
	GlobalSection(SolutionProperties) = preSolution
		HideSolutionNode = FALSE
	EndGlobalSection
	GlobalSection(ExtensibilityGlobals) = postSolution
		SolutionGuid = {DB15A29A-7E91-421D-8E68-796F35B06245}
	EndGlobalSection
EndGlobal
